
Microsoft Visual Studio Solution File, Format Version 12.00
# Visual Studio Version 17
VisualStudioVersion = 17.3.32825.248
MinimumVisualStudioVersion = 10.0.40219.1
Project("{FAE04EC0-301F-11D3-BF4B-00C04F79EFBC}") = "H1W2D4AQUARIUM", "H1W2D4AQUARIUM\H1W2D4AQUARIUM.csproj", "{9470132B-E0A0-4297-ADB4-8F794E77449F}"
EndProject
Global
	GlobalSection(SolutionConfigurationPlatforms) = preSolution
		Debug|Any CPU = Debug|Any CPU
		Release|Any CPU = Release|Any CPU
	EndGlobalSection
	GlobalSection(ProjectConfigurationPlatforms) = postSolution
		{9470132B-E0A0-4297-ADB4-8F794E77449F}.Debug|Any CPU.ActiveCfg = Debug|Any CPU
		{9470132B-E0A0-4297-ADB4-8F794E77449F}.Debug|Any CPU.Build.0 = Debug|Any CPU
		{9470132B-E0A0-4297-ADB4-8F794E77449F}.Release|Any CPU.ActiveCfg = Release|Any CPU
		{9470132B-E0A0-4297-ADB4-8F794E77449F}.Release|Any CPU.Build.0 = Release|Any CPU
	EndGlobalSection
	GlobalSection(SolutionProperties) = preSolution
		HideSolutionNode = FALSE
	EndGlobalSection
	GlobalSection(ExtensibilityGlobals) = postSolution
		SolutionGuid = {903952A3-C1BD-41B4-8942-BF134B3F0CD1}
	EndGlobalSection
EndGlobal
